
Microsoft Visual Studio Solution File, Format Version 12.00
# Visual Studio Version 17
VisualStudioVersion = 17.9.34607.119
MinimumVisualStudioVersion = 10.0.40219.1
Project("{FAE04EC0-301F-11D3-BF4B-00C04F79EFBC}") = "SecondLesson", "SecondLesson\SecondLesson.csproj", "{4EA86A70-561D-429F-A0A4-71F182CC9E14}"
EndProject
Global
	GlobalSection(SolutionConfigurationPlatforms) = preSolution
		Debug|Any CPU = Debug|Any CPU
		Release|Any CPU = Release|Any CPU
	EndGlobalSection
	GlobalSection(ProjectConfigurationPlatforms) = postSolution
		{4EA86A70-561D-429F-A0A4-71F182CC9E14}.Debug|Any CPU.ActiveCfg = Debug|Any CPU
		{4EA86A70-561D-429F-A0A4-71F182CC9E14}.Debug|Any CPU.Build.0 = Debug|Any CPU
		{4EA86A70-561D-429F-A0A4-71F182CC9E14}.Release|Any CPU.ActiveCfg = Release|Any CPU
		{4EA86A70-561D-429F-A0A4-71F182CC9E14}.Release|Any CPU.Build.0 = Release|Any CPU
	EndGlobalSection
	GlobalSection(SolutionProperties) = preSolution
		HideSolutionNode = FALSE
	EndGlobalSection
	GlobalSection(ExtensibilityGlobals) = postSolution
		SolutionGuid = {F894524E-D927-4FC6-82B4-5BDE7026CE26}
	EndGlobalSection
EndGlobal
